
Microsoft Visual Studio Solution File, Format Version 12.00
# Visual Studio Version 16
VisualStudioVersion = 16.0.29609.76
MinimumVisualStudioVersion = 10.0.40219.1
Project("{FAE04EC0-301F-11D3-BF4B-00C04F79EFBC}") = "StudentPortal", "StudentPortal\StudentPortal.csproj", "{04C7B71D-6703-4298-BACC-5DD7C2CE8EDF}"
EndProject
Global
	GlobalSection(SolutionConfigurationPlatforms) = preSolution
		Debug|Any CPU = Debug|Any CPU
		Release|Any CPU = Release|Any CPU
	EndGlobalSection
	GlobalSection(ProjectConfigurationPlatforms) = postSolution
		{04C7B71D-6703-4298-BACC-5DD7C2CE8EDF}.Debug|Any CPU.ActiveCfg = Debug|Any CPU
		{04C7B71D-6703-4298-BACC-5DD7C2CE8EDF}.Debug|Any CPU.Build.0 = Debug|Any CPU
		{04C7B71D-6703-4298-BACC-5DD7C2CE8EDF}.Release|Any CPU.ActiveCfg = Release|Any CPU
		{04C7B71D-6703-4298-BACC-5DD7C2CE8EDF}.Release|Any CPU.Build.0 = Release|Any CPU
	EndGlobalSection
	GlobalSection(SolutionProperties) = preSolution
		HideSolutionNode = FALSE
	EndGlobalSection
	GlobalSection(ExtensibilityGlobals) = postSolution
		SolutionGuid = {BF375BD9-1E76-4692-B675-B176C35A6AD1}
	EndGlobalSection
EndGlobal
